
Microsoft Visual Studio Solution File, Format Version 12.00
# Visual Studio 15
VisualStudioVersion = 15.0.26124.0
MinimumVisualStudioVersion = 15.0.26124.0
Project("{2150E333-8FDC-42A3-9474-1A3956D46DE8}") = "Solution Items", "Solution Items", "{4FCB6A5C-513F-4C55-8006-9F379857087D}"
	ProjectSection(SolutionItems) = preProject
		README.md = README.md
		LICENSE = LICENSE
		build.sh = build.sh
		push.sh = push.sh
		semver.txt = semver.txt
		Dockerfile = Dockerfile
	EndProjectSection
EndProject
Project("{FAE04EC0-301F-11D3-BF4B-00C04F79EFBC}") = "CycloneDX.Json", "CycloneDX.Json\CycloneDX.Json.csproj", "{60250E21-18CA-4C71-AA6F-E22DBA185AC9}"
EndProject
Project("{FAE04EC0-301F-11D3-BF4B-00C04F79EFBC}") = "CycloneDX.Models", "CycloneDX.Models\CycloneDX.Models.csproj", "{4F0F6F2F-3EC1-4ADF-BB53-8AAAAFC30302}"
EndProject
Project("{FAE04EC0-301F-11D3-BF4B-00C04F79EFBC}") = "CycloneDX.Xml", "CycloneDX.Xml\CycloneDX.Xml.csproj", "{079527D3-4BDC-43C8-9890-9491CBC37C34}"
EndProject
Project("{FAE04EC0-301F-11D3-BF4B-00C04F79EFBC}") = "CycloneDX.Json.Tests", "CycloneDX.Json.Tests\CycloneDX.Json.Tests.csproj", "{C4234C8F-4AD4-41CB-B10C-3AAB98A0A250}"
EndProject
Project("{FAE04EC0-301F-11D3-BF4B-00C04F79EFBC}") = "CycloneDX.Xml.Tests", "CycloneDX.Xml.Tests\CycloneDX.Xml.Tests.csproj", "{998FA095-DFE0-4171-9B08-58D9CDC58919}"
EndProject
Project("{FAE04EC0-301F-11D3-BF4B-00C04F79EFBC}") = "CycloneDX.Models.Tests", "CycloneDX.Models.Tests\CycloneDX.Models.Tests.csproj", "{FDA4224E-7D4A-41A2-8925-CE1C8D5F8845}"
EndProject
Project("{FAE04EC0-301F-11D3-BF4B-00C04F79EFBC}") = "CycloneDX.Utils", "CycloneDX.Utils\CycloneDX.Utils.csproj", "{DF6C4B2A-5914-4D8F-BEA7-CAC63CBC22F4}"
EndProject
Project("{FAE04EC0-301F-11D3-BF4B-00C04F79EFBC}") = "CycloneDX.Utils.Tests", "CycloneDX.Utils.Tests\CycloneDX.Utils.Tests.csproj", "{6215F2E4-4ED6-42C5-894D-41A53FCC9969}"
EndProject
Project("{FAE04EC0-301F-11D3-BF4B-00C04F79EFBC}") = "CycloneDX.ProtoBuf", "CycloneDX.ProtoBuf\CycloneDX.ProtoBuf.csproj", "{2C2253FB-9FB1-4EF2-BDCB-9950316AE701}"
EndProject
Project("{FAE04EC0-301F-11D3-BF4B-00C04F79EFBC}") = "CycloneDX.ProtoBuf.Tests", "CycloneDX.ProtoBuf.Tests\CycloneDX.ProtoBuf.Tests.csproj", "{C62096C0-4346-439A-982F-8169057F1D19}"
EndProject
Global
	GlobalSection(SolutionConfigurationPlatforms) = preSolution
		Debug|Any CPU = Debug|Any CPU
		Debug|x64 = Debug|x64
		Debug|x86 = Debug|x86
		Release|Any CPU = Release|Any CPU
		Release|x64 = Release|x64
		Release|x86 = Release|x86
	EndGlobalSection
	GlobalSection(SolutionProperties) = preSolution
		HideSolutionNode = FALSE
	EndGlobalSection
	GlobalSection(ProjectConfigurationPlatforms) = postSolution
		{60250E21-18CA-4C71-AA6F-E22DBA185AC9}.Debug|Any CPU.ActiveCfg = Debug|Any CPU
		{60250E21-18CA-4C71-AA6F-E22DBA185AC9}.Debug|Any CPU.Build.0 = Debug|Any CPU
		{60250E21-18CA-4C71-AA6F-E22DBA185AC9}.Debug|x64.ActiveCfg = Debug|Any CPU
		{60250E21-18CA-4C71-AA6F-E22DBA185AC9}.Debug|x64.Build.0 = Debug|Any CPU
		{60250E21-18CA-4C71-AA6F-E22DBA185AC9}.Debug|x86.ActiveCfg = Debug|Any CPU
		{60250E21-18CA-4C71-AA6F-E22DBA185AC9}.Debug|x86.Build.0 = Debug|Any CPU
		{60250E21-18CA-4C71-AA6F-E22DBA185AC9}.Release|Any CPU.ActiveCfg = Release|Any CPU
		{60250E21-18CA-4C71-AA6F-E22DBA185AC9}.Release|Any CPU.Build.0 = Release|Any CPU
		{60250E21-18CA-4C71-AA6F-E22DBA185AC9}.Release|x64.ActiveCfg = Release|Any CPU
		{60250E21-18CA-4C71-AA6F-E22DBA185AC9}.Release|x64.Build.0 = Release|Any CPU
		{60250E21-18CA-4C71-AA6F-E22DBA185AC9}.Release|x86.ActiveCfg = Release|Any CPU
		{60250E21-18CA-4C71-AA6F-E22DBA185AC9}.Release|x86.Build.0 = Release|Any CPU
		{4F0F6F2F-3EC1-4ADF-BB53-8AAAAFC30302}.Debug|Any CPU.ActiveCfg = Debug|Any CPU
		{4F0F6F2F-3EC1-4ADF-BB53-8AAAAFC30302}.Debug|Any CPU.Build.0 = Debug|Any CPU
		{4F0F6F2F-3EC1-4ADF-BB53-8AAAAFC30302}.Debug|x64.ActiveCfg = Debug|Any CPU
		{4F0F6F2F-3EC1-4ADF-BB53-8AAAAFC30302}.Debug|x64.Build.0 = Debug|Any CPU
		{4F0F6F2F-3EC1-4ADF-BB53-8AAAAFC30302}.Debug|x86.ActiveCfg = Debug|Any CPU
		{4F0F6F2F-3EC1-4ADF-BB53-8AAAAFC30302}.Debug|x86.Build.0 = Debug|Any CPU
		{4F0F6F2F-3EC1-4ADF-BB53-8AAAAFC30302}.Release|Any CPU.ActiveCfg = Release|Any CPU
		{4F0F6F2F-3EC1-4ADF-BB53-8AAAAFC30302}.Release|Any CPU.Build.0 = Release|Any CPU
		{4F0F6F2F-3EC1-4ADF-BB53-8AAAAFC30302}.Release|x64.ActiveCfg = Release|Any CPU
		{4F0F6F2F-3EC1-4ADF-BB53-8AAAAFC30302}.Release|x64.Build.0 = Release|Any CPU
		{4F0F6F2F-3EC1-4ADF-BB53-8AAAAFC30302}.Release|x86.ActiveCfg = Release|Any CPU
		{4F0F6F2F-3EC1-4ADF-BB53-8AAAAFC30302}.Release|x86.Build.0 = Release|Any CPU
		{079527D3-4BDC-43C8-9890-9491CBC37C34}.Debug|Any CPU.ActiveCfg = Debug|Any CPU
		{079527D3-4BDC-43C8-9890-9491CBC37C34}.Debug|Any CPU.Build.0 = Debug|Any CPU
		{079527D3-4BDC-43C8-9890-9491CBC37C34}.Debug|x64.ActiveCfg = Debug|Any CPU
		{079527D3-4BDC-43C8-9890-9491CBC37C34}.Debug|x64.Build.0 = Debug|Any CPU
		{079527D3-4BDC-43C8-9890-9491CBC37C34}.Debug|x86.ActiveCfg = Debug|Any CPU
		{079527D3-4BDC-43C8-9890-9491CBC37C34}.Debug|x86.Build.0 = Debug|Any CPU
		{079527D3-4BDC-43C8-9890-9491CBC37C34}.Release|Any CPU.ActiveCfg = Release|Any CPU
		{079527D3-4BDC-43C8-9890-9491CBC37C34}.Release|Any CPU.Build.0 = Release|Any CPU
		{079527D3-4BDC-43C8-9890-9491CBC37C34}.Release|x64.ActiveCfg = Release|Any CPU
		{079527D3-4BDC-43C8-9890-9491CBC37C34}.Release|x64.Build.0 = Release|Any CPU
		{079527D3-4BDC-43C8-9890-9491CBC37C34}.Release|x86.ActiveCfg = Release|Any CPU
		{079527D3-4BDC-43C8-9890-9491CBC37C34}.Release|x86.Build.0 = Release|Any CPU
		{C4234C8F-4AD4-41CB-B10C-3AAB98A0A250}.Debug|Any CPU.ActiveCfg = Debug|Any CPU
		{C4234C8F-4AD4-41CB-B10C-3AAB98A0A250}.Debug|Any CPU.Build.0 = Debug|Any CPU
		{C4234C8F-4AD4-41CB-B10C-3AAB98A0A250}.Debug|x64.ActiveCfg = Debug|Any CPU
		{C4234C8F-4AD4-41CB-B10C-3AAB98A0A250}.Debug|x64.Build.0 = Debug|Any CPU
		{C4234C8F-4AD4-41CB-B10C-3AAB98A0A250}.Debug|x86.ActiveCfg = Debug|Any CPU
		{C4234C8F-4AD4-41CB-B10C-3AAB98A0A250}.Debug|x86.Build.0 = Debug|Any CPU
		{C4234C8F-4AD4-41CB-B10C-3AAB98A0A250}.Release|Any CPU.ActiveCfg = Release|Any CPU
		{C4234C8F-4AD4-41CB-B10C-3AAB98A0A250}.Release|Any CPU.Build.0 = Release|Any CPU
		{C4234C8F-4AD4-41CB-B10C-3AAB98A0A250}.Release|x64.ActiveCfg = Release|Any CPU
		{C4234C8F-4AD4-41CB-B10C-3AAB98A0A250}.Release|x64.Build.0 = Release|Any CPU
		{C4234C8F-4AD4-41CB-B10C-3AAB98A0A250}.Release|x86.ActiveCfg = Release|Any CPU
		{C4234C8F-4AD4-41CB-B10C-3AAB98A0A250}.Release|x86.Build.0 = Release|Any CPU
		{998FA095-DFE0-4171-9B08-58D9CDC58919}.Debug|Any CPU.ActiveCfg = Debug|Any CPU
		{998FA095-DFE0-4171-9B08-58D9CDC58919}.Debug|Any CPU.Build.0 = Debug|Any CPU
		{998FA095-DFE0-4171-9B08-58D9CDC58919}.Debug|x64.ActiveCfg = Debug|Any CPU
		{998FA095-DFE0-4171-9B08-58D9CDC58919}.Debug|x64.Build.0 = Debug|Any CPU
		{998FA095-DFE0-4171-9B08-58D9CDC58919}.Debug|x86.ActiveCfg = Debug|Any CPU
		{998FA095-DFE0-4171-9B08-58D9CDC58919}.Debug|x86.Build.0 = Debug|Any CPU
		{998FA095-DFE0-4171-9B08-58D9CDC58919}.Release|Any CPU.ActiveCfg = Release|Any CPU
		{998FA095-DFE0-4171-9B08-58D9CDC58919}.Release|Any CPU.Build.0 = Release|Any CPU
		{998FA095-DFE0-4171-9B08-58D9CDC58919}.Release|x64.ActiveCfg = Release|Any CPU
		{998FA095-DFE0-4171-9B08-58D9CDC58919}.Release|x64.Build.0 = Release|Any CPU
		{998FA095-DFE0-4171-9B08-58D9CDC58919}.Release|x86.ActiveCfg = Release|Any CPU
		{998FA095-DFE0-4171-9B08-58D9CDC58919}.Release|x86.Build.0 = Release|Any CPU
		{FDA4224E-7D4A-41A2-8925-CE1C8D5F8845}.Debug|Any CPU.ActiveCfg = Debug|Any CPU
		{FDA4224E-7D4A-41A2-8925-CE1C8D5F8845}.Debug|Any CPU.Build.0 = Debug|Any CPU
		{FDA4224E-7D4A-41A2-8925-CE1C8D5F8845}.Debug|x64.ActiveCfg = Debug|Any CPU
		{FDA4224E-7D4A-41A2-8925-CE1C8D5F8845}.Debug|x64.Build.0 = Debug|Any CPU
		{FDA4224E-7D4A-41A2-8925-CE1C8D5F8845}.Debug|x86.ActiveCfg = Debug|Any CPU
		{FDA4224E-7D4A-41A2-8925-CE1C8D5F8845}.Debug|x86.Build.0 = Debug|Any CPU
		{FDA4224E-7D4A-41A2-8925-CE1C8D5F8845}.Release|Any CPU.ActiveCfg = Release|Any CPU
		{FDA4224E-7D4A-41A2-8925-CE1C8D5F8845}.Release|Any CPU.Build.0 = Release|Any CPU
		{FDA4224E-7D4A-41A2-8925-CE1C8D5F8845}.Release|x64.ActiveCfg = Release|Any CPU
		{FDA4224E-7D4A-41A2-8925-CE1C8D5F8845}.Release|x64.Build.0 = Release|Any CPU
		{FDA4224E-7D4A-41A2-8925-CE1C8D5F8845}.Release|x86.ActiveCfg = Release|Any CPU
		{FDA4224E-7D4A-41A2-8925-CE1C8D5F8845}.Release|x86.Build.0 = Release|Any CPU
		{DF6C4B2A-5914-4D8F-BEA7-CAC63CBC22F4}.Debug|Any CPU.ActiveCfg = Debug|Any CPU
		{DF6C4B2A-5914-4D8F-BEA7-CAC63CBC22F4}.Debug|Any CPU.Build.0 = Debug|Any CPU
		{DF6C4B2A-5914-4D8F-BEA7-CAC63CBC22F4}.Debug|x64.ActiveCfg = Debug|Any CPU
		{DF6C4B2A-5914-4D8F-BEA7-CAC63CBC22F4}.Debug|x64.Build.0 = Debug|Any CPU
		{DF6C4B2A-5914-4D8F-BEA7-CAC63CBC22F4}.Debug|x86.ActiveCfg = Debug|Any CPU
		{DF6C4B2A-5914-4D8F-BEA7-CAC63CBC22F4}.Debug|x86.Build.0 = Debug|Any CPU
		{DF6C4B2A-5914-4D8F-BEA7-CAC63CBC22F4}.Release|Any CPU.ActiveCfg = Release|Any CPU
		{DF6C4B2A-5914-4D8F-BEA7-CAC63CBC22F4}.Release|Any CPU.Build.0 = Release|Any CPU
		{DF6C4B2A-5914-4D8F-BEA7-CAC63CBC22F4}.Release|x64.ActiveCfg = Release|Any CPU
		{DF6C4B2A-5914-4D8F-BEA7-CAC63CBC22F4}.Release|x64.Build.0 = Release|Any CPU
		{DF6C4B2A-5914-4D8F-BEA7-CAC63CBC22F4}.Release|x86.ActiveCfg = Release|Any CPU
		{DF6C4B2A-5914-4D8F-BEA7-CAC63CBC22F4}.Release|x86.Build.0 = Release|Any CPU
		{6215F2E4-4ED6-42C5-894D-41A53FCC9969}.Debug|Any CPU.ActiveCfg = Debug|Any CPU
		{6215F2E4-4ED6-42C5-894D-41A53FCC9969}.Debug|Any CPU.Build.0 = Debug|Any CPU
		{6215F2E4-4ED6-42C5-894D-41A53FCC9969}.Debug|x64.ActiveCfg = Debug|Any CPU
		{6215F2E4-4ED6-42C5-894D-41A53FCC9969}.Debug|x64.Build.0 = Debug|Any CPU
		{6215F2E4-4ED6-42C5-894D-41A53FCC9969}.Debug|x86.ActiveCfg = Debug|Any CPU
		{6215F2E4-4ED6-42C5-894D-41A53FCC9969}.Debug|x86.Build.0 = Debug|Any CPU
		{6215F2E4-4ED6-42C5-894D-41A53FCC9969}.Release|Any CPU.ActiveCfg = Release|Any CPU
		{6215F2E4-4ED6-42C5-894D-41A53FCC9969}.Release|Any CPU.Build.0 = Release|Any CPU
		{6215F2E4-4ED6-42C5-894D-41A53FCC9969}.Release|x64.ActiveCfg = Release|Any CPU
		{6215F2E4-4ED6-42C5-894D-41A53FCC9969}.Release|x64.Build.0 = Release|Any CPU
		{6215F2E4-4ED6-42C5-894D-41A53FCC9969}.Release|x86.ActiveCfg = Release|Any CPU
		{6215F2E4-4ED6-42C5-894D-41A53FCC9969}.Release|x86.Build.0 = Release|Any CPU
		{2C2253FB-9FB1-4EF2-BDCB-9950316AE701}.Debug|Any CPU.ActiveCfg = Debug|Any CPU
		{2C2253FB-9FB1-4EF2-BDCB-9950316AE701}.Debug|Any CPU.Build.0 = Debug|Any CPU
		{2C2253FB-9FB1-4EF2-BDCB-9950316AE701}.Debug|x64.ActiveCfg = Debug|Any CPU
		{2C2253FB-9FB1-4EF2-BDCB-9950316AE701}.Debug|x64.Build.0 = Debug|Any CPU
		{2C2253FB-9FB1-4EF2-BDCB-9950316AE701}.Debug|x86.ActiveCfg = Debug|Any CPU
		{2C2253FB-9FB1-4EF2-BDCB-9950316AE701}.Debug|x86.Build.0 = Debug|Any CPU
		{2C2253FB-9FB1-4EF2-BDCB-9950316AE701}.Release|Any CPU.ActiveCfg = Release|Any CPU
		{2C2253FB-9FB1-4EF2-BDCB-9950316AE701}.Release|Any CPU.Build.0 = Release|Any CPU
		{2C2253FB-9FB1-4EF2-BDCB-9950316AE701}.Release|x64.ActiveCfg = Release|Any CPU
		{2C2253FB-9FB1-4EF2-BDCB-9950316AE701}.Release|x64.Build.0 = Release|Any CPU
		{2C2253FB-9FB1-4EF2-BDCB-9950316AE701}.Release|x86.ActiveCfg = Release|Any CPU
		{2C2253FB-9FB1-4EF2-BDCB-9950316AE701}.Release|x86.Build.0 = Release|Any CPU
		{C62096C0-4346-439A-982F-8169057F1D19}.Debug|Any CPU.ActiveCfg = Debug|Any CPU
		{C62096C0-4346-439A-982F-8169057F1D19}.Debug|Any CPU.Build.0 = Debug|Any CPU
		{C62096C0-4346-439A-982F-8169057F1D19}.Debug|x64.ActiveCfg = Debug|Any CPU
		{C62096C0-4346-439A-982F-8169057F1D19}.Debug|x64.Build.0 = Debug|Any CPU
		{C62096C0-4346-439A-982F-8169057F1D19}.Debug|x86.ActiveCfg = Debug|Any CPU
		{C62096C0-4346-439A-982F-8169057F1D19}.Debug|x86.Build.0 = Debug|Any CPU
		{C62096C0-4346-439A-982F-8169057F1D19}.Release|Any CPU.ActiveCfg = Release|Any CPU
		{C62096C0-4346-439A-982F-8169057F1D19}.Release|Any CPU.Build.0 = Release|Any CPU
		{C62096C0-4346-439A-982F-8169057F1D19}.Release|x64.ActiveCfg = Release|Any CPU
		{C62096C0-4346-439A-982F-8169057F1D19}.Release|x64.Build.0 = Release|Any CPU
		{C62096C0-4346-439A-982F-8169057F1D19}.Release|x86.ActiveCfg = Release|Any CPU
		{C62096C0-4346-439A-982F-8169057F1D19}.Release|x86.Build.0 = Release|Any CPU
	EndGlobalSection
	GlobalSection(MonoDevelopProperties) = preSolution
		Policies = $0
		$0.DotNetNamingPolicy = $1
		$1.DirectoryNamespaceAssociation = PrefixedHierarchical
		$0.StandardHeader = $2
		$0.VersionControlPolicy = $3
		version = 0.5.0
	EndGlobalSection
EndGlobal
