
Microsoft Visual Studio Solution File, Format Version 12.00
# Visual Studio 15
VisualStudioVersion = 15.0.26124.0
MinimumVisualStudioVersion = 15.0.26124.0
Project("{2150E333-8FDC-42A3-9474-1A3956D46DE8}") = "Solution Items", "Solution Items", "{4FCB6A5C-513F-4C55-8006-9F379857087D}"
	ProjectSection(SolutionItems) = preProject
		README.md = README.md
		LICENSE = LICENSE
		semver.txt = semver.txt
		NOTICE = NOTICE
	EndProjectSection
EndProject
Project("{2150E333-8FDC-42A3-9474-1A3956D46DE8}") = "src", "src", "{67D64250-A7BE-48A5-96F6-930D06724523}"
EndProject
Project("{FAE04EC0-301F-11D3-BF4B-00C04F79EFBC}") = "CycloneDX.Core", "src\CycloneDX.Core\CycloneDX.Core.csproj", "{A9084507-B7F9-46BF-BCF9-8AB4160F8C50}"
EndProject
Project("{FAE04EC0-301F-11D3-BF4B-00C04F79EFBC}") = "CycloneDX.Utils", "src\CycloneDX.Utils\CycloneDX.Utils.csproj", "{F54EA8EA-C58B-48FF-8BAA-0A37C8A6F81F}"
EndProject
Project("{2150E333-8FDC-42A3-9474-1A3956D46DE8}") = "tests", "tests", "{87631A9A-EDF0-4078-BD7A-731D56B55439}"
EndProject
Project("{FAE04EC0-301F-11D3-BF4B-00C04F79EFBC}") = "CycloneDX.Utils.Tests", "tests\CycloneDX.Utils.Tests\CycloneDX.Utils.Tests.csproj", "{55159199-1892-4C73-82E0-F4143D8ADDD7}"
EndProject
Project("{FAE04EC0-301F-11D3-BF4B-00C04F79EFBC}") = "CycloneDX.Core.Tests", "tests\CycloneDX.Core.Tests\CycloneDX.Core.Tests.csproj", "{7474D234-9911-44FF-9CE7-A1894FEE08F4}"
EndProject
Project("{FAE04EC0-301F-11D3-BF4B-00C04F79EFBC}") = "CycloneDX.Spdx", "src\CycloneDX.Spdx\CycloneDX.Spdx.csproj", "{A0351F39-0DFB-4789-8297-6C08C6E45912}"
EndProject
Project("{FAE04EC0-301F-11D3-BF4B-00C04F79EFBC}") = "CycloneDX.Spdx.Tests", "tests\CycloneDX.Spdx.Tests\CycloneDX.Spdx.Tests.csproj", "{9D39D61D-E21B-4CBA-BB3A-BCCD48AA464E}"
EndProject
Global
	GlobalSection(SolutionConfigurationPlatforms) = preSolution
		Debug|Any CPU = Debug|Any CPU
		Debug|x64 = Debug|x64
		Debug|x86 = Debug|x86
		Release|Any CPU = Release|Any CPU
		Release|x64 = Release|x64
		Release|x86 = Release|x86
	EndGlobalSection
	GlobalSection(SolutionProperties) = preSolution
		HideSolutionNode = FALSE
	EndGlobalSection
	GlobalSection(ProjectConfigurationPlatforms) = postSolution
		{A9084507-B7F9-46BF-BCF9-8AB4160F8C50}.Debug|Any CPU.ActiveCfg = Debug|Any CPU
		{A9084507-B7F9-46BF-BCF9-8AB4160F8C50}.Debug|Any CPU.Build.0 = Debug|Any CPU
		{A9084507-B7F9-46BF-BCF9-8AB4160F8C50}.Debug|x64.ActiveCfg = Debug|Any CPU
		{A9084507-B7F9-46BF-BCF9-8AB4160F8C50}.Debug|x64.Build.0 = Debug|Any CPU
		{A9084507-B7F9-46BF-BCF9-8AB4160F8C50}.Debug|x86.ActiveCfg = Debug|Any CPU
		{A9084507-B7F9-46BF-BCF9-8AB4160F8C50}.Debug|x86.Build.0 = Debug|Any CPU
		{A9084507-B7F9-46BF-BCF9-8AB4160F8C50}.Release|Any CPU.ActiveCfg = Release|Any CPU
		{A9084507-B7F9-46BF-BCF9-8AB4160F8C50}.Release|Any CPU.Build.0 = Release|Any CPU
		{A9084507-B7F9-46BF-BCF9-8AB4160F8C50}.Release|x64.ActiveCfg = Release|Any CPU
		{A9084507-B7F9-46BF-BCF9-8AB4160F8C50}.Release|x64.Build.0 = Release|Any CPU
		{A9084507-B7F9-46BF-BCF9-8AB4160F8C50}.Release|x86.ActiveCfg = Release|Any CPU
		{A9084507-B7F9-46BF-BCF9-8AB4160F8C50}.Release|x86.Build.0 = Release|Any CPU
		{F54EA8EA-C58B-48FF-8BAA-0A37C8A6F81F}.Debug|Any CPU.ActiveCfg = Debug|Any CPU
		{F54EA8EA-C58B-48FF-8BAA-0A37C8A6F81F}.Debug|Any CPU.Build.0 = Debug|Any CPU
		{F54EA8EA-C58B-48FF-8BAA-0A37C8A6F81F}.Debug|x64.ActiveCfg = Debug|Any CPU
		{F54EA8EA-C58B-48FF-8BAA-0A37C8A6F81F}.Debug|x64.Build.0 = Debug|Any CPU
		{F54EA8EA-C58B-48FF-8BAA-0A37C8A6F81F}.Debug|x86.ActiveCfg = Debug|Any CPU
		{F54EA8EA-C58B-48FF-8BAA-0A37C8A6F81F}.Debug|x86.Build.0 = Debug|Any CPU
		{F54EA8EA-C58B-48FF-8BAA-0A37C8A6F81F}.Release|Any CPU.ActiveCfg = Release|Any CPU
		{F54EA8EA-C58B-48FF-8BAA-0A37C8A6F81F}.Release|Any CPU.Build.0 = Release|Any CPU
		{F54EA8EA-C58B-48FF-8BAA-0A37C8A6F81F}.Release|x64.ActiveCfg = Release|Any CPU
		{F54EA8EA-C58B-48FF-8BAA-0A37C8A6F81F}.Release|x64.Build.0 = Release|Any CPU
		{F54EA8EA-C58B-48FF-8BAA-0A37C8A6F81F}.Release|x86.ActiveCfg = Release|Any CPU
		{F54EA8EA-C58B-48FF-8BAA-0A37C8A6F81F}.Release|x86.Build.0 = Release|Any CPU
		{55159199-1892-4C73-82E0-F4143D8ADDD7}.Debug|Any CPU.ActiveCfg = Debug|Any CPU
		{55159199-1892-4C73-82E0-F4143D8ADDD7}.Debug|Any CPU.Build.0 = Debug|Any CPU
		{55159199-1892-4C73-82E0-F4143D8ADDD7}.Debug|x64.ActiveCfg = Debug|Any CPU
		{55159199-1892-4C73-82E0-F4143D8ADDD7}.Debug|x64.Build.0 = Debug|Any CPU
		{55159199-1892-4C73-82E0-F4143D8ADDD7}.Debug|x86.ActiveCfg = Debug|Any CPU
		{55159199-1892-4C73-82E0-F4143D8ADDD7}.Debug|x86.Build.0 = Debug|Any CPU
		{55159199-1892-4C73-82E0-F4143D8ADDD7}.Release|Any CPU.ActiveCfg = Release|Any CPU
		{55159199-1892-4C73-82E0-F4143D8ADDD7}.Release|Any CPU.Build.0 = Release|Any CPU
		{55159199-1892-4C73-82E0-F4143D8ADDD7}.Release|x64.ActiveCfg = Release|Any CPU
		{55159199-1892-4C73-82E0-F4143D8ADDD7}.Release|x64.Build.0 = Release|Any CPU
		{55159199-1892-4C73-82E0-F4143D8ADDD7}.Release|x86.ActiveCfg = Release|Any CPU
		{55159199-1892-4C73-82E0-F4143D8ADDD7}.Release|x86.Build.0 = Release|Any CPU
		{7474D234-9911-44FF-9CE7-A1894FEE08F4}.Debug|Any CPU.ActiveCfg = Debug|Any CPU
		{7474D234-9911-44FF-9CE7-A1894FEE08F4}.Debug|Any CPU.Build.0 = Debug|Any CPU
		{7474D234-9911-44FF-9CE7-A1894FEE08F4}.Debug|x64.ActiveCfg = Debug|Any CPU
		{7474D234-9911-44FF-9CE7-A1894FEE08F4}.Debug|x64.Build.0 = Debug|Any CPU
		{7474D234-9911-44FF-9CE7-A1894FEE08F4}.Debug|x86.ActiveCfg = Debug|Any CPU
		{7474D234-9911-44FF-9CE7-A1894FEE08F4}.Debug|x86.Build.0 = Debug|Any CPU
		{7474D234-9911-44FF-9CE7-A1894FEE08F4}.Release|Any CPU.ActiveCfg = Release|Any CPU
		{7474D234-9911-44FF-9CE7-A1894FEE08F4}.Release|Any CPU.Build.0 = Release|Any CPU
		{7474D234-9911-44FF-9CE7-A1894FEE08F4}.Release|x64.ActiveCfg = Release|Any CPU
		{7474D234-9911-44FF-9CE7-A1894FEE08F4}.Release|x64.Build.0 = Release|Any CPU
		{7474D234-9911-44FF-9CE7-A1894FEE08F4}.Release|x86.ActiveCfg = Release|Any CPU
		{7474D234-9911-44FF-9CE7-A1894FEE08F4}.Release|x86.Build.0 = Release|Any CPU
		{A0351F39-0DFB-4789-8297-6C08C6E45912}.Debug|Any CPU.ActiveCfg = Debug|Any CPU
		{A0351F39-0DFB-4789-8297-6C08C6E45912}.Debug|Any CPU.Build.0 = Debug|Any CPU
		{A0351F39-0DFB-4789-8297-6C08C6E45912}.Debug|x64.ActiveCfg = Debug|Any CPU
		{A0351F39-0DFB-4789-8297-6C08C6E45912}.Debug|x64.Build.0 = Debug|Any CPU
		{A0351F39-0DFB-4789-8297-6C08C6E45912}.Debug|x86.ActiveCfg = Debug|Any CPU
		{A0351F39-0DFB-4789-8297-6C08C6E45912}.Debug|x86.Build.0 = Debug|Any CPU
		{A0351F39-0DFB-4789-8297-6C08C6E45912}.Release|Any CPU.ActiveCfg = Release|Any CPU
		{A0351F39-0DFB-4789-8297-6C08C6E45912}.Release|Any CPU.Build.0 = Release|Any CPU
		{A0351F39-0DFB-4789-8297-6C08C6E45912}.Release|x64.ActiveCfg = Release|Any CPU
		{A0351F39-0DFB-4789-8297-6C08C6E45912}.Release|x64.Build.0 = Release|Any CPU
		{A0351F39-0DFB-4789-8297-6C08C6E45912}.Release|x86.ActiveCfg = Release|Any CPU
		{A0351F39-0DFB-4789-8297-6C08C6E45912}.Release|x86.Build.0 = Release|Any CPU
		{9D39D61D-E21B-4CBA-BB3A-BCCD48AA464E}.Debug|Any CPU.ActiveCfg = Debug|Any CPU
		{9D39D61D-E21B-4CBA-BB3A-BCCD48AA464E}.Debug|Any CPU.Build.0 = Debug|Any CPU
		{9D39D61D-E21B-4CBA-BB3A-BCCD48AA464E}.Debug|x64.ActiveCfg = Debug|Any CPU
		{9D39D61D-E21B-4CBA-BB3A-BCCD48AA464E}.Debug|x64.Build.0 = Debug|Any CPU
		{9D39D61D-E21B-4CBA-BB3A-BCCD48AA464E}.Debug|x86.ActiveCfg = Debug|Any CPU
		{9D39D61D-E21B-4CBA-BB3A-BCCD48AA464E}.Debug|x86.Build.0 = Debug|Any CPU
		{9D39D61D-E21B-4CBA-BB3A-BCCD48AA464E}.Release|Any CPU.ActiveCfg = Release|Any CPU
		{9D39D61D-E21B-4CBA-BB3A-BCCD48AA464E}.Release|Any CPU.Build.0 = Release|Any CPU
		{9D39D61D-E21B-4CBA-BB3A-BCCD48AA464E}.Release|x64.ActiveCfg = Release|Any CPU
		{9D39D61D-E21B-4CBA-BB3A-BCCD48AA464E}.Release|x64.Build.0 = Release|Any CPU
		{9D39D61D-E21B-4CBA-BB3A-BCCD48AA464E}.Release|x86.ActiveCfg = Release|Any CPU
		{9D39D61D-E21B-4CBA-BB3A-BCCD48AA464E}.Release|x86.Build.0 = Release|Any CPU
	EndGlobalSection
	GlobalSection(MonoDevelopProperties) = preSolution
		Policies = $0
		$0.DotNetNamingPolicy = $1
		$1.DirectoryNamespaceAssociation = PrefixedHierarchical
		$0.StandardHeader = $2
		$0.VersionControlPolicy = $3
		version = 0.5.0
	EndGlobalSection
	GlobalSection(NestedProjects) = preSolution
		{A9084507-B7F9-46BF-BCF9-8AB4160F8C50} = {67D64250-A7BE-48A5-96F6-930D06724523}
		{F54EA8EA-C58B-48FF-8BAA-0A37C8A6F81F} = {67D64250-A7BE-48A5-96F6-930D06724523}
		{55159199-1892-4C73-82E0-F4143D8ADDD7} = {87631A9A-EDF0-4078-BD7A-731D56B55439}
		{7474D234-9911-44FF-9CE7-A1894FEE08F4} = {87631A9A-EDF0-4078-BD7A-731D56B55439}
		{A0351F39-0DFB-4789-8297-6C08C6E45912} = {67D64250-A7BE-48A5-96F6-930D06724523}
		{9D39D61D-E21B-4CBA-BB3A-BCCD48AA464E} = {87631A9A-EDF0-4078-BD7A-731D56B55439}
	EndGlobalSection
EndGlobal
